<?xml version="1.0" encoding="utf-8"?>
<Project ToolsVersion="4.0" xmlns="http://schemas.microsoft.com/developer/msbuild/2003">
  <ItemGroup>
    <Filter Include="Area">
      <UniqueIdentifier>{b08f89e8-c5ef-47d8-a031-cd00acc69bac}</UniqueIdentifier>
    </Filter>
    <Filter Include="Camera">
      <UniqueIdentifier>{434b7b73-2fd6-4cea-bc47-3028417b3712}</UniqueIdentifier>
    </Filter>
    <Filter Include="D3D12">
      <UniqueIdentifier>{c582a5a5-f13d-4097-b4f2-062e04285dce}</UniqueIdentifier>
    </Filter>
    <Filter Include="D3D12GraphicsEngine">
      <UniqueIdentifier>{d02ae592-3868-41a5-9496-362b2a37f08e}</UniqueIdentifier>
    </Filter>
    <Filter Include="DDSFileLoader">
      <UniqueIdentifier>{b8c2e5b5-1fb1-4d05-ab86-d9b9ab3cbb58}</UniqueIdentifier>
    </Filter>
    <Filter Include="Exceptions">
      <UniqueIdentifier>{b4e1c667-6d02-4c17-bb0c-c57a021146f0}</UniqueIdentifier>
    </Filter>
    <Filter Include="Frustum">
      <UniqueIdentifier>{b98b5144-73ec-4c00-9718-d7bf2b5fde1e}</UniqueIdentifier>
    </Filter>
    <Filter Include="Light">
      <UniqueIdentifier>{1da70e47-cc90-4d69-a53a-3e490b8c47e0}</UniqueIdentifier>
    </Filter>
    <Filter Include="Math">
      <UniqueIdentifier>{0df7bc28-63a3-4b44-9176-0799db138149}</UniqueIdentifier>
    </Filter>
    <Filter Include="Math\EulerRotation">
      <UniqueIdentifier>{ed96a038-a8be-497b-99b6-d70cc725c7a9}</UniqueIdentifier>
    </Filter>
    <Filter Include="Math\Quaternion">
      <UniqueIdentifier>{6f88a44a-824c-4bf7-bb69-33246fe97002}</UniqueIdentifier>
    </Filter>
    <Filter Include="MeshManager">
      <UniqueIdentifier>{70f7c9e7-5c0b-417f-b69f-addc45c9ee76}</UniqueIdentifier>
    </Filter>
    <Filter Include="PlayerPosition">
      <UniqueIdentifier>{2ce01355-b8e8-400a-8ab7-14c1675b08d4}</UniqueIdentifier>
    </Filter>
    <Filter Include="PointLight">
      <UniqueIdentifier>{583d4257-8c59-4306-ae3d-94a88fb973b7}</UniqueIdentifier>
    </Filter>
    <Filter Include="RenderPass">
      <UniqueIdentifier>{4a0d2e67-25c8-4650-95d9-11ca3150361e}</UniqueIdentifier>
    </Filter>
    <Filter Include="Sound">
      <UniqueIdentifier>{69db3b22-7b90-401d-bf71-ddb1279ac137}</UniqueIdentifier>
    </Filter>
    <Filter Include="StreamingManager">
      <UniqueIdentifier>{f7afdca9-ea2e-4355-bc7b-66c095dcd45d}</UniqueIdentifier>
    </Filter>
    <Filter Include="Text Engine">
      <UniqueIdentifier>{6702ec9e-05d4-40ef-85a6-85de628ee38f}</UniqueIdentifier>
    </Filter>
    <Filter Include="Text Engine\BaseSentence">
      <UniqueIdentifier>{3c8e1518-3306-4072-b0be-3cbde7bdf7c9}</UniqueIdentifier>
    </Filter>
    <Filter Include="TextureManager">
      <UniqueIdentifier>{81af3b79-70f7-440f-bf4e-fe3925d94c48}</UniqueIdentifier>
    </Filter>
    <Filter Include="Timer">
      <UniqueIdentifier>{4f7ffa57-20c5-4e7c-8732-485af5c1ea40}</UniqueIdentifier>
    </Filter>
    <Filter Include="Window">
      <UniqueIdentifier>{2475bc54-16d6-4167-b495-51d28d5781a1}</UniqueIdentifier>
    </Filter>
    <Filter Include="Shaders">
      <UniqueIdentifier>{5fa2e970-e654-402b-90a2-cf0fd0df4e5e}</UniqueIdentifier>
    </Filter>
    <Filter Include="Shaders\Pixel">
      <UniqueIdentifier>{5012bd23-8f0b-4659-b6d0-fa11a5b85747}</UniqueIdentifier>
    </Filter>
    <Filter Include="Shaders\Vertex">
      <UniqueIdentifier>{e9159c27-8f8f-4c7f-8d08-3fd508348cbc}</UniqueIdentifier>
    </Filter>
    <Filter Include="VirtualTexturing">
      <UniqueIdentifier>{77aead6d-49a8-4111-8626-864b5ee68e44}</UniqueIdentifier>
    </Filter>
    <Filter Include="Transform">
      <UniqueIdentifier>{c1f00c24-644d-4b56-a812-1788944f9806}</UniqueIdentifier>
    </Filter>
    <Filter Include="AsynchronousFileManager">
      <UniqueIdentifier>{5afee8b7-b3b4-4914-af56-e50ea467f776}</UniqueIdentifier>
    </Filter>
    <Filter Include="TaskShedular">
      <UniqueIdentifier>{49351cba-9129-44c5-8694-3aea37bda5f4}</UniqueIdentifier>
    </Filter>
    <Filter Include="File">
      <UniqueIdentifier>{16679715-85ea-4032-b0fd-76176515a8e4}</UniqueIdentifier>
    </Filter>
  </ItemGroup>
  <ItemGroup>
    <ClInclude Include="HresultException.h">
      <Filter>Exceptions</Filter>
    </ClInclude>
    <ClInclude Include="EventCreationException.h">
      <Filter>Exceptions</Filter>
    </ClInclude>
    <ClInclude Include="IDXGIAdapterNotFoundException.h">
      <Filter>Exceptions</Filter>
    </ClInclude>
    <ClInclude Include="D3D12CreateDeviceFailedException.h">
      <Filter>Exceptions</Filter>
    </ClInclude>
    <ClInclude Include="IOException.h">
      <Filter>Exceptions</Filter>
    </ClInclude>
    <ClInclude Include="FileNotFoundException.h">
      <Filter>Exceptions</Filter>
    </ClInclude>
    <ClInclude Include="Exception.h">
      <Filter>Exceptions</Filter>
    </ClInclude>
    <ClInclude Include="AudioFormatNotSupportedException.h">
      <Filter>Exceptions</Filter>
    </ClInclude>
    <ClInclude Include="FormatNotSupportedException.h">
      <Filter>Exceptions</Filter>
    </ClInclude>
    <ClInclude Include="DDSFileLoader.h">
      <Filter>DDSFileLoader</Filter>
    </ClInclude>
    <ClInclude Include="WindowsFileCreationException.h">
      <Filter>Exceptions</Filter>
    </ClInclude>
    <ClInclude Include="TextureIndexOutOfRangeException.h">
      <Filter>Exceptions</Filter>
    </ClInclude>
    <ClInclude Include="IndexOutOfRangeException.h">
      <Filter>Exceptions</Filter>
    </ClInclude>
    <ClInclude Include="EndOfFileException.h">
      <Filter>Exceptions</Filter>
    </ClInclude>
    <ClInclude Include="InvalidHeaderInfoException.h">
      <Filter>Exceptions</Filter>
    </ClInclude>
    <ClInclude Include="SecurityException.h">
      <Filter>Exceptions</Filter>
    </ClInclude>
    <ClInclude Include="AudioPlaybackException.h">
      <Filter>Exceptions</Filter>
    </ClInclude>
    <ClInclude Include="ID3D12ResourceCreationFailedException.h">
      <Filter>Exceptions</Filter>
    </ClInclude>
    <ClInclude Include="ID3D12ResourceMapFailedException.h">
      <Filter>Exceptions</Filter>
    </ClInclude>
    <ClInclude Include="UnkownCpuFrequencyException.h">
      <Filter>Exceptions</Filter>
    </ClInclude>
    <ClInclude Include="D3D12GraphicsCommandList.h">
      <Filter>D3D12</Filter>
    </ClInclude>
    <ClInclude Include="D3D12GraphicsEngine.h">
      <Filter>D3D12GraphicsEngine</Filter>
    </ClInclude>
    <ClInclude Include="D3D12CommandAllocator.h">
      <Filter>D3D12</Filter>
    </ClInclude>
    <ClInclude Include="D3D12Debug.h">
      <Filter>D3D12</Filter>
    </ClInclude>
    <ClInclude Include="TextureManager.h">
      <Filter>TextureManager</Filter>
    </ClInclude>
    <ClInclude Include="D3D12CommandQueue.h">
      <Filter>D3D12</Filter>
    </ClInclude>
    <ClInclude Include="D3D12DescriptorHeap.h">
      <Filter>D3D12</Filter>
    </ClInclude>
    <ClInclude Include="DXGISwapChain4.h">
      <Filter>D3D12</Filter>
    </ClInclude>
    <ClInclude Include="DXGIFactory.h">
      <Filter>D3D12</Filter>
    </ClInclude>
    <ClInclude Include="DXGIAdapter.h">
      <Filter>D3D12</Filter>
    </ClInclude>
    <ClInclude Include="Window.h">
      <Filter>Window</Filter>
    </ClInclude>
    <ClInclude Include="D3D12Resource.h">
      <Filter>D3D12</Filter>
    </ClInclude>
    <ClInclude Include="D3D12Heap.h">
      <Filter>D3D12</Filter>
    </ClInclude>
    <ClInclude Include="Font.h">
      <Filter>Text Engine</Filter>
    </ClInclude>
    <ClInclude Include="FontChar.h">
      <Filter>Text Engine</Filter>
    </ClInclude>
    <ClInclude Include="Frustum.h">
      <Filter>Frustum</Filter>
    </ClInclude>
    <ClInclude Include="PointLight.h">
      <Filter>PointLight</Filter>
    </ClInclude>
    <ClInclude Include="PlayerPosition.h">
      <Filter>PlayerPosition</Filter>
    </ClInclude>
    <ClInclude Include="SoundEngine.h">
      <Filter>Sound</Filter>
    </ClInclude>
    <ClInclude Include="XAudio2SourceVoice.h">
      <Filter>Sound</Filter>
    </ClInclude>
    <ClInclude Include="Area.h">
      <Filter>Area</Filter>
    </ClInclude>
    <ClInclude Include="EulerRotation.h">
      <Filter>Math\EulerRotation</Filter>
    </ClInclude>
    <ClInclude Include="Quaternion.h">
      <Filter>Math\Quaternion</Filter>
    </ClInclude>
    <ClInclude Include="Light.h">
      <Filter>Light</Filter>
    </ClInclude>
    <ClInclude Include="Win32Event.h">
      <Filter>D3D12</Filter>
    </ClInclude>
    <ClInclude Include="BaseSentence.h">
      <Filter>Text Engine\BaseSentence</Filter>
    </ClInclude>
    <ClInclude Include="Timer.h">
      <Filter>Timer</Filter>
    </ClInclude>
    <ClInclude Include="MeshManager.h">
      <Filter>MeshManager</Filter>
    </ClInclude>
    <ClInclude Include="Mesh.h">
      <Filter>MeshManager</Filter>
    </ClInclude>
    <ClInclude Include="MainCamera.h">
      <Filter>Camera</Filter>
    </ClInclude>
    <ClInclude Include="RenderSubPass.h">
      <Filter>RenderPass</Filter>
    </ClInclude>
    <ClInclude Include="RenderPass.h">
      <Filter>RenderPass</Filter>
    </ClInclude>
    <ClInclude Include="Vector2.h">
      <Filter>Math</Filter>
    </ClInclude>
    <ClInclude Include="frameBufferCount.h" />
    <ClInclude Include="StreamingManager.h">
      <Filter>StreamingManager</Filter>
    </ClInclude>
    <ClInclude Include="d3dx12.h" />
    <ClInclude Include="for_each.h" />
    <ClInclude Include="TemplateFloat.h" />
    <ClInclude Include="Vector4.h">
      <Filter>Math</Filter>
    </ClInclude>
    <ClInclude Include="D3D12Device.h">
      <Filter>D3D12</Filter>
    </ClInclude>
    <ClInclude Include="D3D12PipelineState.h">
      <Filter>D3D12</Filter>
    </ClInclude>
    <ClInclude Include="D3D12Fence.h">
      <Filter>D3D12</Filter>
    </ClInclude>
    <ClInclude Include="Shaders\WaterMaterialPS.h">
      <Filter>Shaders\Pixel</Filter>
    </ClInclude>
    <ClInclude Include="Shaders\WaterMaterialVS.h">
      <Filter>Shaders\Vertex</Filter>
    </ClInclude>
    <ClInclude Include="Shaders\FireMaterialVS.h">
      <Filter>Shaders\Vertex</Filter>
    </ClInclude>
    <ClInclude Include="Shaders\FireMaterialPS.h">
      <Filter>Shaders\Pixel</Filter>
    </ClInclude>
    <ClInclude Include="Shaders\GlassMaterialPS.h">
      <Filter>Shaders\Pixel</Filter>
    </ClInclude>
    <ClInclude Include="Shaders\CameraConstantBuffer.h">
      <Filter>Shaders\Pixel</Filter>
    </ClInclude>
    <ClInclude Include="Shaders\StandardMaterialPS.h">
      <Filter>Shaders\Pixel</Filter>
    </ClInclude>
    <ClInclude Include="D3DBlob.h">
      <Filter>D3D12</Filter>
    </ClInclude>
    <ClInclude Include="D3D12RootSignature.h">
      <Filter>D3D12</Filter>
    </ClInclude>
    <ClInclude Include="VirtualTextureManager.h">
      <Filter>VirtualTexturing</Filter>
    </ClInclude>
    <ClInclude Include="FixedSizeAllocator.h" />
    <ClInclude Include="Transform.h">
      <Filter>Transform</Filter>
    </ClInclude>
    <ClInclude Include="CameraUtil.h">
      <Filter>Camera</Filter>
    </ClInclude>
    <ClInclude Include="ReflectionCamera.h">
      <Filter>Camera</Filter>
    </ClInclude>
    <ClInclude Include="VirtualPageCamera.h">
      <Filter>Camera</Filter>
    </ClInclude>
    <ClInclude Include="PageCache.h">
      <Filter>VirtualTexturing</Filter>
    </ClInclude>
    <ClInclude Include="PageAllocator.h">
      <Filter>VirtualTexturing</Filter>
    </ClInclude>
    <ClInclude Include="PageProvider.h">
      <Filter>VirtualTexturing</Filter>
    </ClInclude>
    <ClInclude Include="Range.h" />
    <ClInclude Include="Shaders\VtFeedbackCameraMaterial.h">
      <Filter>Shaders\Pixel</Filter>
    </ClInclude>
    <ClInclude Include="PageDeleter.h">
      <Filter>VirtualTexturing</Filter>
    </ClInclude>
    <ClInclude Include="Shaders\Quad2dMaterialVS.h">
      <Filter>Shaders\Vertex</Filter>
    </ClInclude>
    <ClInclude Include="InputManager.h" />
    <ClInclude Include="Shaders\VtFeedbackMaterialPS.h">
      <Filter>Shaders\Pixel</Filter>
    </ClInclude>
    <ClInclude Include="ThreadBarrier.h" />
    <ClInclude Include="IOCompletionQueue.h" />
    <ClInclude Include="StableQueue.h" />
    <ClInclude Include="AsynchronousFileManager.h">
      <Filter>AsynchronousFileManager</Filter>
    </ClInclude>
    <ClInclude Include="ResizingArray.h" />
    <ClInclude Include="DynamicArray.h" />
    <ClInclude Include="Array.h" />
    <ClInclude Include="File.h">
      <Filter>File</Filter>
    </ClInclude>
    <ClInclude Include="Delegate.h" />
    <ClInclude Include="TaskShedular.h">
      <Filter>TaskShedular</Filter>
    </ClInclude>
    <ClInclude Include="WorkStealingQueue.h">
      <Filter>TaskShedular</Filter>
    </ClInclude>
    <ClInclude Include="SingleProducerMultiConsumerQueue.h" />
    <ClInclude Include="SingleProducerSingleConsumerQueue.h" />
    <ClInclude Include="MultiProducerSingleConsumerQueue.h" />
    <ClInclude Include="GpuCompletionEventManager.h" />
    <ClInclude Include="Zone.h" />
    <ClInclude Include="SoundDecoder.h">
      <Filter>Sound</Filter>
    </ClInclude>
    <ClInclude Include="PageAllocationInfo.h">
      <Filter>VirtualTexturing</Filter>
    </ClInclude>
    <ClInclude Include="VirtualTextureInfo.h">
      <Filter>VirtualTexturing</Filter>
    </ClInclude>
    <ClInclude Include="HashMultiSet.h" />
    <ClInclude Include="VirtualTextureInfoByID.h">
      <Filter>VirtualTexturing</Filter>
    </ClInclude>
    <ClInclude Include="StartableIOCompletionQueue.h" />
    <ClInclude Include="AtomicSinglyLinked.h" />
    <ClInclude Include="ThreadsafePoolAllocator.h" />
    <ClInclude Include="ActorQueue.h" />
    <ClInclude Include="SinglyLinked.h" />
    <ClInclude Include="VirtualFeedbackSubPass.h">
      <Filter>VirtualTexturing</Filter>
    </ClInclude>
  </ItemGroup>
  <ItemGroup>
    <ClCompile Include="DDSFileLoader.cpp">
      <Filter>DDSFileLoader</Filter>
    </ClCompile>
    <ClCompile Include="D3D12GraphicsEngine.cpp">
      <Filter>D3D12GraphicsEngine</Filter>
    </ClCompile>
    <ClCompile Include="TextureManager.cpp">
      <Filter>TextureManager</Filter>
    </ClCompile>
    <ClCompile Include="Window.cpp">
      <Filter>Window</Filter>
    </ClCompile>
    <ClCompile Include="Font.cpp">
      <Filter>Text Engine</Filter>
    </ClCompile>
    <ClCompile Include="Frustum.cpp">
      <Filter>Frustum</Filter>
    </ClCompile>
    <ClCompile Include="PlayerPosition.cpp">
      <Filter>PlayerPosition</Filter>
    </ClCompile>
    <ClCompile Include="EulerRotation.cpp">
      <Filter>Math\EulerRotation</Filter>
    </ClCompile>
    <ClCompile Include="Quaternion.cpp">
      <Filter>Math\Quaternion</Filter>
    </ClCompile>
    <ClCompile Include="BaseSentence.cpp">
      <Filter>Text Engine\BaseSentence</Filter>
    </ClCompile>
    <ClCompile Include="Timer.cpp">
      <Filter>Timer</Filter>
    </ClCompile>
    <ClCompile Include="MeshManager.cpp">
      <Filter>MeshManager</Filter>
    </ClCompile>
    <ClCompile Include="MainCamera.cpp">
      <Filter>Camera</Filter>
    </ClCompile>
    <ClCompile Include="StreamingManager.cpp">
      <Filter>StreamingManager</Filter>
    </ClCompile>
    <ClCompile Include="AABBSweepTest.cpp" />
    <ClCompile Include="VirtualTextureManager.cpp">
      <Filter>VirtualTexturing</Filter>
    </ClCompile>
    <ClCompile Include="Transform.cpp">
      <Filter>Transform</Filter>
    </ClCompile>
    <ClCompile Include="ReflectionCamera.cpp">
      <Filter>Camera</Filter>
    </ClCompile>
    <ClCompile Include="VirtualPageCamera.cpp">
      <Filter>Camera</Filter>
    </ClCompile>
    <ClCompile Include="CameraUtil.cpp">
      <Filter>Camera</Filter>
    </ClCompile>
    <ClCompile Include="PageAllocator.cpp">
      <Filter>VirtualTexturing</Filter>
    </ClCompile>
    <ClCompile Include="PageCache.cpp">
      <Filter>VirtualTexturing</Filter>
    </ClCompile>
    <ClCompile Include="PageProvider.cpp">
      <Filter>VirtualTexturing</Filter>
    </ClCompile>
    <ClCompile Include="AsynchronousFileManager.cpp">
      <Filter>AsynchronousFileManager</Filter>
    </ClCompile>
    <ClCompile Include="File.cpp">
      <Filter>File</Filter>
    </ClCompile>
    <ClCompile Include="ThreadBarrier.cpp" />
    <ClCompile Include="PageDeleter.cpp">
      <Filter>VirtualTexturing</Filter>
    </ClCompile>
    <ClCompile Include="VirtualFeedbackSubPass.cpp">
      <Filter>VirtualTexturing</Filter>
    </ClCompile>
  </ItemGroup>
  <ItemGroup>
    <FxCompile Include="Shaders\WaterPS.hlsl">
      <Filter>Shaders\Pixel</Filter>
    </FxCompile>
    <FxCompile Include="Shaders\FirePS.hlsl">
      <Filter>Shaders\Pixel</Filter>
    </FxCompile>
    <FxCompile Include="Shaders\FireVs.hlsl">
      <Filter>Shaders\Vertex</Filter>
    </FxCompile>
    <FxCompile Include="Shaders\GlassPS.hlsl">
      <Filter>Shaders\Pixel</Filter>
    </FxCompile>
    <FxCompile Include="Shaders\StandardPS.hlsl">
      <Filter>Shaders\Pixel</Filter>
    </FxCompile>
    <FxCompile Include="Shaders\TextPS.hlsl">
      <Filter>Shaders\Pixel</Filter>
    </FxCompile>
    <FxCompile Include="Shaders\WaterVS.hlsl">
      <Filter>Shaders\Vertex</Filter>
    </FxCompile>
    <FxCompile Include="Shaders\StandardVS.hlsl">
      <Filter>Shaders\Vertex</Filter>
    </FxCompile>
    <FxCompile Include="Shaders\ScreenSpaceCopyPS.hlsl">
      <Filter>Shaders\Pixel</Filter>
    </FxCompile>
    <FxCompile Include="Shaders\VtFeedbackPS.hlsl">
      <Filter>Shaders\Pixel</Filter>
    </FxCompile>
    <FxCompile Include="Shaders\Quad2DInstancedVS.hlsl">
      <Filter>Shaders\Vertex</Filter>
    </FxCompile>
    <FxCompile Include="Shaders\Quad2dVS.hlsl">
      <Filter>Shaders\Vertex</Filter>
    </FxCompile>
  </ItemGroup>
</Project>